
Microsoft Visual Studio Solution File, Format Version 12.00
# Visual Studio Version 17
VisualStudioVersion = 17.12.35707.178 d17.12
MinimumVisualStudioVersion = 10.0.40219.1
Project("{FAE04EC0-301F-11D3-BF4B-00C04F79EFBC}") = "day1A.Server", "day1A.Server\day1A.Server.csproj", "{F8DA1D7B-595A-47AE-89E0-8D92359C9A69}"
EndProject
Project("{54A90642-561A-4BB1-A94E-469ADEE60C69}") = "day1a.client", "day1a.client\day1a.client.esproj", "{A3C645DF-877D-4563-A238-B6712C93FDE1}"
EndProject
Global
	GlobalSection(SolutionConfigurationPlatforms) = preSolution
		Debug|Any CPU = Debug|Any CPU
		Release|Any CPU = Release|Any CPU
	EndGlobalSection
	GlobalSection(ProjectConfigurationPlatforms) = postSolution
		{F8DA1D7B-595A-47AE-89E0-8D92359C9A69}.Debug|Any CPU.ActiveCfg = Debug|Any CPU
		{F8DA1D7B-595A-47AE-89E0-8D92359C9A69}.Debug|Any CPU.Build.0 = Debug|Any CPU
		{F8DA1D7B-595A-47AE-89E0-8D92359C9A69}.Release|Any CPU.ActiveCfg = Release|Any CPU
		{F8DA1D7B-595A-47AE-89E0-8D92359C9A69}.Release|Any CPU.Build.0 = Release|Any CPU
		{A3C645DF-877D-4563-A238-B6712C93FDE1}.Debug|Any CPU.ActiveCfg = Debug|Any CPU
		{A3C645DF-877D-4563-A238-B6712C93FDE1}.Debug|Any CPU.Build.0 = Debug|Any CPU
		{A3C645DF-877D-4563-A238-B6712C93FDE1}.Debug|Any CPU.Deploy.0 = Debug|Any CPU
		{A3C645DF-877D-4563-A238-B6712C93FDE1}.Release|Any CPU.ActiveCfg = Release|Any CPU
		{A3C645DF-877D-4563-A238-B6712C93FDE1}.Release|Any CPU.Build.0 = Release|Any CPU
		{A3C645DF-877D-4563-A238-B6712C93FDE1}.Release|Any CPU.Deploy.0 = Release|Any CPU
	EndGlobalSection
	GlobalSection(SolutionProperties) = preSolution
		HideSolutionNode = FALSE
	EndGlobalSection
EndGlobal
